
Microsoft Visual Studio Solution File, Format Version 12.00
Project("{FAE04EC0-301F-11D3-BF4B-00C04F79EFBC}") = "Day01", "Day01\Day01.csproj", "{BCE83C4D-55EF-4720-845A-88F3C880FEC7}"
EndProject
Project("{FAE04EC0-301F-11D3-BF4B-00C04F79EFBC}") = "AOAOC.Tests", "AOAOC.Tests\AOAOC.Tests.csproj", "{69DAB59A-B96B-4777-9DE2-30863AF4F0E1}"
EndProject
Project("{FAE04EC0-301F-11D3-BF4B-00C04F79EFBC}") = "Day02", "Day02\Day02.csproj", "{657044A2-8EDD-4EC6-811F-323F9828A943}"
EndProject
Project("{FAE04EC0-301F-11D3-BF4B-00C04F79EFBC}") = "Day03", "Day03\Day03.csproj", "{C372BF18-E1A6-469D-BDC1-F3614B77597D}"
EndProject
Project("{FAE04EC0-301F-11D3-BF4B-00C04F79EFBC}") = "Day04", "Day04\Day04.csproj", "{333951D5-0FBB-43EC-86EC-1B83615FD0EB}"
EndProject
Project("{FAE04EC0-301F-11D3-BF4B-00C04F79EFBC}") = "Day05", "Day05\Day05.csproj", "{3171DA42-CF6E-4F23-929B-BFDE47B69CEA}"
EndProject
Project("{FAE04EC0-301F-11D3-BF4B-00C04F79EFBC}") = "Day06", "Day06\Day06.csproj", "{7F9CFAC6-9176-4D73-8E7D-36237494DCDF}"
EndProject
Global
	GlobalSection(SolutionConfigurationPlatforms) = preSolution
		Debug|Any CPU = Debug|Any CPU
		Release|Any CPU = Release|Any CPU
	EndGlobalSection
	GlobalSection(ProjectConfigurationPlatforms) = postSolution
		{BCE83C4D-55EF-4720-845A-88F3C880FEC7}.Debug|Any CPU.ActiveCfg = Debug|Any CPU
		{BCE83C4D-55EF-4720-845A-88F3C880FEC7}.Debug|Any CPU.Build.0 = Debug|Any CPU
		{BCE83C4D-55EF-4720-845A-88F3C880FEC7}.Release|Any CPU.ActiveCfg = Release|Any CPU
		{BCE83C4D-55EF-4720-845A-88F3C880FEC7}.Release|Any CPU.Build.0 = Release|Any CPU
		{69DAB59A-B96B-4777-9DE2-30863AF4F0E1}.Debug|Any CPU.ActiveCfg = Debug|Any CPU
		{69DAB59A-B96B-4777-9DE2-30863AF4F0E1}.Debug|Any CPU.Build.0 = Debug|Any CPU
		{69DAB59A-B96B-4777-9DE2-30863AF4F0E1}.Release|Any CPU.ActiveCfg = Release|Any CPU
		{69DAB59A-B96B-4777-9DE2-30863AF4F0E1}.Release|Any CPU.Build.0 = Release|Any CPU
		{657044A2-8EDD-4EC6-811F-323F9828A943}.Debug|Any CPU.ActiveCfg = Debug|Any CPU
		{657044A2-8EDD-4EC6-811F-323F9828A943}.Debug|Any CPU.Build.0 = Debug|Any CPU
		{657044A2-8EDD-4EC6-811F-323F9828A943}.Release|Any CPU.ActiveCfg = Release|Any CPU
		{657044A2-8EDD-4EC6-811F-323F9828A943}.Release|Any CPU.Build.0 = Release|Any CPU
		{C372BF18-E1A6-469D-BDC1-F3614B77597D}.Debug|Any CPU.ActiveCfg = Debug|Any CPU
		{C372BF18-E1A6-469D-BDC1-F3614B77597D}.Debug|Any CPU.Build.0 = Debug|Any CPU
		{C372BF18-E1A6-469D-BDC1-F3614B77597D}.Release|Any CPU.ActiveCfg = Release|Any CPU
		{C372BF18-E1A6-469D-BDC1-F3614B77597D}.Release|Any CPU.Build.0 = Release|Any CPU
		{333951D5-0FBB-43EC-86EC-1B83615FD0EB}.Debug|Any CPU.ActiveCfg = Debug|Any CPU
		{333951D5-0FBB-43EC-86EC-1B83615FD0EB}.Debug|Any CPU.Build.0 = Debug|Any CPU
		{333951D5-0FBB-43EC-86EC-1B83615FD0EB}.Release|Any CPU.ActiveCfg = Release|Any CPU
		{333951D5-0FBB-43EC-86EC-1B83615FD0EB}.Release|Any CPU.Build.0 = Release|Any CPU
		{3171DA42-CF6E-4F23-929B-BFDE47B69CEA}.Debug|Any CPU.ActiveCfg = Debug|Any CPU
		{3171DA42-CF6E-4F23-929B-BFDE47B69CEA}.Debug|Any CPU.Build.0 = Debug|Any CPU
		{3171DA42-CF6E-4F23-929B-BFDE47B69CEA}.Release|Any CPU.ActiveCfg = Release|Any CPU
		{3171DA42-CF6E-4F23-929B-BFDE47B69CEA}.Release|Any CPU.Build.0 = Release|Any CPU
		{7F9CFAC6-9176-4D73-8E7D-36237494DCDF}.Debug|Any CPU.ActiveCfg = Debug|Any CPU
		{7F9CFAC6-9176-4D73-8E7D-36237494DCDF}.Debug|Any CPU.Build.0 = Debug|Any CPU
		{7F9CFAC6-9176-4D73-8E7D-36237494DCDF}.Release|Any CPU.ActiveCfg = Release|Any CPU
		{7F9CFAC6-9176-4D73-8E7D-36237494DCDF}.Release|Any CPU.Build.0 = Release|Any CPU
	EndGlobalSection
EndGlobal
