
Microsoft Visual Studio Solution File, Format Version 12.00
Project("{FAE04EC0-301F-11D3-BF4B-00C04F79EFBC}") = "Day01", "Day01\Day01.csproj", "{BCE83C4D-55EF-4720-845A-88F3C880FEC7}"
EndProject
Project("{FAE04EC0-301F-11D3-BF4B-00C04F79EFBC}") = "AOAOC.Tests", "AOAOC.Tests\AOAOC.Tests.csproj", "{69DAB59A-B96B-4777-9DE2-30863AF4F0E1}"
EndProject
Project("{FAE04EC0-301F-11D3-BF4B-00C04F79EFBC}") = "Day02", "Day02\Day02.csproj", "{657044A2-8EDD-4EC6-811F-323F9828A943}"
EndProject
Project("{FAE04EC0-301F-11D3-BF4B-00C04F79EFBC}") = "Day03", "Day03\Day03.csproj", "{C372BF18-E1A6-469D-BDC1-F3614B77597D}"
EndProject
Project("{FAE04EC0-301F-11D3-BF4B-00C04F79EFBC}") = "Day04", "Day04\Day04.csproj", "{333951D5-0FBB-43EC-86EC-1B83615FD0EB}"
EndProject
Project("{FAE04EC0-301F-11D3-BF4B-00C04F79EFBC}") = "Day05", "Day05\Day05.csproj", "{3171DA42-CF6E-4F23-929B-BFDE47B69CEA}"
EndProject
Project("{FAE04EC0-301F-11D3-BF4B-00C04F79EFBC}") = "Day06", "Day06\Day06.csproj", "{7F9CFAC6-9176-4D73-8E7D-36237494DCDF}"
EndProject
Project("{FAE04EC0-301F-11D3-BF4B-00C04F79EFBC}") = "Day07", "Day07\Day07.csproj", "{5734E87B-37B3-4B87-B7D2-C6BD9F218115}"
EndProject
Project("{FAE04EC0-301F-11D3-BF4B-00C04F79EFBC}") = "Day08", "Day08\Day08.csproj", "{224E55DA-4F2B-4E96-A1B4-AE4FEEB1CE20}"
EndProject
Project("{FAE04EC0-301F-11D3-BF4B-00C04F79EFBC}") = "Day09", "Day09\Day09.csproj", "{7098F9A0-1F84-4795-833B-88B8FD627080}"
EndProject
Project("{FAE04EC0-301F-11D3-BF4B-00C04F79EFBC}") = "Day10", "Day10\Day10.csproj", "{77A2716B-3884-4A86-8B29-8A6A0AA965F3}"
EndProject
Global
	GlobalSection(SolutionConfigurationPlatforms) = preSolution
		Debug|Any CPU = Debug|Any CPU
		Release|Any CPU = Release|Any CPU
	EndGlobalSection
	GlobalSection(ProjectConfigurationPlatforms) = postSolution
		{BCE83C4D-55EF-4720-845A-88F3C880FEC7}.Debug|Any CPU.ActiveCfg = Debug|Any CPU
		{BCE83C4D-55EF-4720-845A-88F3C880FEC7}.Debug|Any CPU.Build.0 = Debug|Any CPU
		{BCE83C4D-55EF-4720-845A-88F3C880FEC7}.Release|Any CPU.ActiveCfg = Release|Any CPU
		{BCE83C4D-55EF-4720-845A-88F3C880FEC7}.Release|Any CPU.Build.0 = Release|Any CPU
		{69DAB59A-B96B-4777-9DE2-30863AF4F0E1}.Debug|Any CPU.ActiveCfg = Debug|Any CPU
		{69DAB59A-B96B-4777-9DE2-30863AF4F0E1}.Debug|Any CPU.Build.0 = Debug|Any CPU
		{69DAB59A-B96B-4777-9DE2-30863AF4F0E1}.Release|Any CPU.ActiveCfg = Release|Any CPU
		{69DAB59A-B96B-4777-9DE2-30863AF4F0E1}.Release|Any CPU.Build.0 = Release|Any CPU
		{657044A2-8EDD-4EC6-811F-323F9828A943}.Debug|Any CPU.ActiveCfg = Debug|Any CPU
		{657044A2-8EDD-4EC6-811F-323F9828A943}.Debug|Any CPU.Build.0 = Debug|Any CPU
		{657044A2-8EDD-4EC6-811F-323F9828A943}.Release|Any CPU.ActiveCfg = Release|Any CPU
		{657044A2-8EDD-4EC6-811F-323F9828A943}.Release|Any CPU.Build.0 = Release|Any CPU
		{C372BF18-E1A6-469D-BDC1-F3614B77597D}.Debug|Any CPU.ActiveCfg = Debug|Any CPU
		{C372BF18-E1A6-469D-BDC1-F3614B77597D}.Debug|Any CPU.Build.0 = Debug|Any CPU
		{C372BF18-E1A6-469D-BDC1-F3614B77597D}.Release|Any CPU.ActiveCfg = Release|Any CPU
		{C372BF18-E1A6-469D-BDC1-F3614B77597D}.Release|Any CPU.Build.0 = Release|Any CPU
		{333951D5-0FBB-43EC-86EC-1B83615FD0EB}.Debug|Any CPU.ActiveCfg = Debug|Any CPU
		{333951D5-0FBB-43EC-86EC-1B83615FD0EB}.Debug|Any CPU.Build.0 = Debug|Any CPU
		{333951D5-0FBB-43EC-86EC-1B83615FD0EB}.Release|Any CPU.ActiveCfg = Release|Any CPU
		{333951D5-0FBB-43EC-86EC-1B83615FD0EB}.Release|Any CPU.Build.0 = Release|Any CPU
		{3171DA42-CF6E-4F23-929B-BFDE47B69CEA}.Debug|Any CPU.ActiveCfg = Debug|Any CPU
		{3171DA42-CF6E-4F23-929B-BFDE47B69CEA}.Debug|Any CPU.Build.0 = Debug|Any CPU
		{3171DA42-CF6E-4F23-929B-BFDE47B69CEA}.Release|Any CPU.ActiveCfg = Release|Any CPU
		{3171DA42-CF6E-4F23-929B-BFDE47B69CEA}.Release|Any CPU.Build.0 = Release|Any CPU
		{7F9CFAC6-9176-4D73-8E7D-36237494DCDF}.Debug|Any CPU.ActiveCfg = Debug|Any CPU
		{7F9CFAC6-9176-4D73-8E7D-36237494DCDF}.Debug|Any CPU.Build.0 = Debug|Any CPU
		{7F9CFAC6-9176-4D73-8E7D-36237494DCDF}.Release|Any CPU.ActiveCfg = Release|Any CPU
		{7F9CFAC6-9176-4D73-8E7D-36237494DCDF}.Release|Any CPU.Build.0 = Release|Any CPU
		{5734E87B-37B3-4B87-B7D2-C6BD9F218115}.Debug|Any CPU.ActiveCfg = Debug|Any CPU
		{5734E87B-37B3-4B87-B7D2-C6BD9F218115}.Debug|Any CPU.Build.0 = Debug|Any CPU
		{5734E87B-37B3-4B87-B7D2-C6BD9F218115}.Release|Any CPU.ActiveCfg = Release|Any CPU
		{5734E87B-37B3-4B87-B7D2-C6BD9F218115}.Release|Any CPU.Build.0 = Release|Any CPU
		{224E55DA-4F2B-4E96-A1B4-AE4FEEB1CE20}.Debug|Any CPU.ActiveCfg = Debug|Any CPU
		{224E55DA-4F2B-4E96-A1B4-AE4FEEB1CE20}.Debug|Any CPU.Build.0 = Debug|Any CPU
		{224E55DA-4F2B-4E96-A1B4-AE4FEEB1CE20}.Release|Any CPU.ActiveCfg = Release|Any CPU
		{224E55DA-4F2B-4E96-A1B4-AE4FEEB1CE20}.Release|Any CPU.Build.0 = Release|Any CPU
		{7098F9A0-1F84-4795-833B-88B8FD627080}.Debug|Any CPU.ActiveCfg = Debug|Any CPU
		{7098F9A0-1F84-4795-833B-88B8FD627080}.Debug|Any CPU.Build.0 = Debug|Any CPU
		{7098F9A0-1F84-4795-833B-88B8FD627080}.Release|Any CPU.ActiveCfg = Release|Any CPU
		{7098F9A0-1F84-4795-833B-88B8FD627080}.Release|Any CPU.Build.0 = Release|Any CPU
		{77A2716B-3884-4A86-8B29-8A6A0AA965F3}.Debug|Any CPU.ActiveCfg = Debug|Any CPU
		{77A2716B-3884-4A86-8B29-8A6A0AA965F3}.Debug|Any CPU.Build.0 = Debug|Any CPU
		{77A2716B-3884-4A86-8B29-8A6A0AA965F3}.Release|Any CPU.ActiveCfg = Release|Any CPU
		{77A2716B-3884-4A86-8B29-8A6A0AA965F3}.Release|Any CPU.Build.0 = Release|Any CPU
	EndGlobalSection
EndGlobal
