
Microsoft Visual Studio Solution File, Format Version 12.00
Project("{FAE04EC0-301F-11D3-BF4B-00C04F79EFBC}") = "Day01", "Day01\Day01.csproj", "{BCE83C4D-55EF-4720-845A-88F3C880FEC7}"
EndProject
Project("{FAE04EC0-301F-11D3-BF4B-00C04F79EFBC}") = "AOAOC.Tests", "AOAOC.Tests\AOAOC.Tests.csproj", "{69DAB59A-B96B-4777-9DE2-30863AF4F0E1}"
EndProject
Project("{FAE04EC0-301F-11D3-BF4B-00C04F79EFBC}") = "Day02", "Day02\Day02.csproj", "{657044A2-8EDD-4EC6-811F-323F9828A943}"
EndProject
Project("{FAE04EC0-301F-11D3-BF4B-00C04F79EFBC}") = "Day03", "Day03\Day03.csproj", "{C372BF18-E1A6-469D-BDC1-F3614B77597D}"
EndProject
Project("{FAE04EC0-301F-11D3-BF4B-00C04F79EFBC}") = "Day04", "Day04\Day04.csproj", "{333951D5-0FBB-43EC-86EC-1B83615FD0EB}"
EndProject
Project("{FAE04EC0-301F-11D3-BF4B-00C04F79EFBC}") = "Day05", "Day05\Day05.csproj", "{3171DA42-CF6E-4F23-929B-BFDE47B69CEA}"
EndProject
Project("{FAE04EC0-301F-11D3-BF4B-00C04F79EFBC}") = "Day06", "Day06\Day06.csproj", "{7F9CFAC6-9176-4D73-8E7D-36237494DCDF}"
EndProject
Project("{FAE04EC0-301F-11D3-BF4B-00C04F79EFBC}") = "Day07", "Day07\Day07.csproj", "{5734E87B-37B3-4B87-B7D2-C6BD9F218115}"
EndProject
Project("{FAE04EC0-301F-11D3-BF4B-00C04F79EFBC}") = "Day08", "Day08\Day08.csproj", "{224E55DA-4F2B-4E96-A1B4-AE4FEEB1CE20}"
EndProject
Project("{FAE04EC0-301F-11D3-BF4B-00C04F79EFBC}") = "Day09", "Day09\Day09.csproj", "{7098F9A0-1F84-4795-833B-88B8FD627080}"
EndProject
Project("{FAE04EC0-301F-11D3-BF4B-00C04F79EFBC}") = "Day10", "Day10\Day10.csproj", "{77A2716B-3884-4A86-8B29-8A6A0AA965F3}"
EndProject
Project("{FAE04EC0-301F-11D3-BF4B-00C04F79EFBC}") = "Day11", "Day11\Day11.csproj", "{64818270-747C-4961-B2CF-257B8B4EBDF1}"
EndProject
Project("{FAE04EC0-301F-11D3-BF4B-00C04F79EFBC}") = "Day12", "Day12\Day12.csproj", "{DDA110A0-1BCF-45AD-AA2B-D0E0B4E3471D}"
EndProject
Project("{FAE04EC0-301F-11D3-BF4B-00C04F79EFBC}") = "Day13", "Day13\Day13.csproj", "{98250750-B623-4AF8-AC76-EB5DB972F51E}"
EndProject
Project("{FAE04EC0-301F-11D3-BF4B-00C04F79EFBC}") = "Day14", "Day14\Day14.csproj", "{2701EDAE-A9BC-4192-BE81-E8FE7D7A6A8D}"
EndProject
Project("{FAE04EC0-301F-11D3-BF4B-00C04F79EFBC}") = "Day15", "Day15\Day15.csproj", "{7261E8EC-A929-465D-BBB1-BFCFC3E2403A}"
EndProject
Project("{FAE04EC0-301F-11D3-BF4B-00C04F79EFBC}") = "Day16", "Day16\Day16.csproj", "{96FC4D0E-BACC-48B2-9248-69CDA595CF3B}"
EndProject
Project("{FAE04EC0-301F-11D3-BF4B-00C04F79EFBC}") = "Day17", "Day17\Day17.csproj", "{8C485ED9-3F11-42D4-93AD-5A204DE6B43F}"
EndProject
Project("{FAE04EC0-301F-11D3-BF4B-00C04F79EFBC}") = "Day18", "Day18\Day18.csproj", "{D31411EE-AC39-41BD-BC46-80DD2F05123B}"
EndProject
Project("{FAE04EC0-301F-11D3-BF4B-00C04F79EFBC}") = "Day19", "Day19\Day19.csproj", "{2F5AEA04-6DA8-4F2B-BD7F-C8F4FB809CF6}"
EndProject
Global
	GlobalSection(SolutionConfigurationPlatforms) = preSolution
		Debug|Any CPU = Debug|Any CPU
		Release|Any CPU = Release|Any CPU
	EndGlobalSection
	GlobalSection(ProjectConfigurationPlatforms) = postSolution
		{BCE83C4D-55EF-4720-845A-88F3C880FEC7}.Debug|Any CPU.ActiveCfg = Debug|Any CPU
		{BCE83C4D-55EF-4720-845A-88F3C880FEC7}.Debug|Any CPU.Build.0 = Debug|Any CPU
		{BCE83C4D-55EF-4720-845A-88F3C880FEC7}.Release|Any CPU.ActiveCfg = Release|Any CPU
		{BCE83C4D-55EF-4720-845A-88F3C880FEC7}.Release|Any CPU.Build.0 = Release|Any CPU
		{69DAB59A-B96B-4777-9DE2-30863AF4F0E1}.Debug|Any CPU.ActiveCfg = Debug|Any CPU
		{69DAB59A-B96B-4777-9DE2-30863AF4F0E1}.Debug|Any CPU.Build.0 = Debug|Any CPU
		{69DAB59A-B96B-4777-9DE2-30863AF4F0E1}.Release|Any CPU.ActiveCfg = Release|Any CPU
		{69DAB59A-B96B-4777-9DE2-30863AF4F0E1}.Release|Any CPU.Build.0 = Release|Any CPU
		{657044A2-8EDD-4EC6-811F-323F9828A943}.Debug|Any CPU.ActiveCfg = Debug|Any CPU
		{657044A2-8EDD-4EC6-811F-323F9828A943}.Debug|Any CPU.Build.0 = Debug|Any CPU
		{657044A2-8EDD-4EC6-811F-323F9828A943}.Release|Any CPU.ActiveCfg = Release|Any CPU
		{657044A2-8EDD-4EC6-811F-323F9828A943}.Release|Any CPU.Build.0 = Release|Any CPU
		{C372BF18-E1A6-469D-BDC1-F3614B77597D}.Debug|Any CPU.ActiveCfg = Debug|Any CPU
		{C372BF18-E1A6-469D-BDC1-F3614B77597D}.Debug|Any CPU.Build.0 = Debug|Any CPU
		{C372BF18-E1A6-469D-BDC1-F3614B77597D}.Release|Any CPU.ActiveCfg = Release|Any CPU
		{C372BF18-E1A6-469D-BDC1-F3614B77597D}.Release|Any CPU.Build.0 = Release|Any CPU
		{333951D5-0FBB-43EC-86EC-1B83615FD0EB}.Debug|Any CPU.ActiveCfg = Debug|Any CPU
		{333951D5-0FBB-43EC-86EC-1B83615FD0EB}.Debug|Any CPU.Build.0 = Debug|Any CPU
		{333951D5-0FBB-43EC-86EC-1B83615FD0EB}.Release|Any CPU.ActiveCfg = Release|Any CPU
		{333951D5-0FBB-43EC-86EC-1B83615FD0EB}.Release|Any CPU.Build.0 = Release|Any CPU
		{3171DA42-CF6E-4F23-929B-BFDE47B69CEA}.Debug|Any CPU.ActiveCfg = Debug|Any CPU
		{3171DA42-CF6E-4F23-929B-BFDE47B69CEA}.Debug|Any CPU.Build.0 = Debug|Any CPU
		{3171DA42-CF6E-4F23-929B-BFDE47B69CEA}.Release|Any CPU.ActiveCfg = Release|Any CPU
		{3171DA42-CF6E-4F23-929B-BFDE47B69CEA}.Release|Any CPU.Build.0 = Release|Any CPU
		{7F9CFAC6-9176-4D73-8E7D-36237494DCDF}.Debug|Any CPU.ActiveCfg = Debug|Any CPU
		{7F9CFAC6-9176-4D73-8E7D-36237494DCDF}.Debug|Any CPU.Build.0 = Debug|Any CPU
		{7F9CFAC6-9176-4D73-8E7D-36237494DCDF}.Release|Any CPU.ActiveCfg = Release|Any CPU
		{7F9CFAC6-9176-4D73-8E7D-36237494DCDF}.Release|Any CPU.Build.0 = Release|Any CPU
		{5734E87B-37B3-4B87-B7D2-C6BD9F218115}.Debug|Any CPU.ActiveCfg = Debug|Any CPU
		{5734E87B-37B3-4B87-B7D2-C6BD9F218115}.Debug|Any CPU.Build.0 = Debug|Any CPU
		{5734E87B-37B3-4B87-B7D2-C6BD9F218115}.Release|Any CPU.ActiveCfg = Release|Any CPU
		{5734E87B-37B3-4B87-B7D2-C6BD9F218115}.Release|Any CPU.Build.0 = Release|Any CPU
		{224E55DA-4F2B-4E96-A1B4-AE4FEEB1CE20}.Debug|Any CPU.ActiveCfg = Debug|Any CPU
		{224E55DA-4F2B-4E96-A1B4-AE4FEEB1CE20}.Debug|Any CPU.Build.0 = Debug|Any CPU
		{224E55DA-4F2B-4E96-A1B4-AE4FEEB1CE20}.Release|Any CPU.ActiveCfg = Release|Any CPU
		{224E55DA-4F2B-4E96-A1B4-AE4FEEB1CE20}.Release|Any CPU.Build.0 = Release|Any CPU
		{7098F9A0-1F84-4795-833B-88B8FD627080}.Debug|Any CPU.ActiveCfg = Debug|Any CPU
		{7098F9A0-1F84-4795-833B-88B8FD627080}.Debug|Any CPU.Build.0 = Debug|Any CPU
		{7098F9A0-1F84-4795-833B-88B8FD627080}.Release|Any CPU.ActiveCfg = Release|Any CPU
		{7098F9A0-1F84-4795-833B-88B8FD627080}.Release|Any CPU.Build.0 = Release|Any CPU
		{77A2716B-3884-4A86-8B29-8A6A0AA965F3}.Debug|Any CPU.ActiveCfg = Debug|Any CPU
		{77A2716B-3884-4A86-8B29-8A6A0AA965F3}.Debug|Any CPU.Build.0 = Debug|Any CPU
		{77A2716B-3884-4A86-8B29-8A6A0AA965F3}.Release|Any CPU.ActiveCfg = Release|Any CPU
		{77A2716B-3884-4A86-8B29-8A6A0AA965F3}.Release|Any CPU.Build.0 = Release|Any CPU
		{64818270-747C-4961-B2CF-257B8B4EBDF1}.Debug|Any CPU.ActiveCfg = Debug|Any CPU
		{64818270-747C-4961-B2CF-257B8B4EBDF1}.Debug|Any CPU.Build.0 = Debug|Any CPU
		{64818270-747C-4961-B2CF-257B8B4EBDF1}.Release|Any CPU.ActiveCfg = Release|Any CPU
		{64818270-747C-4961-B2CF-257B8B4EBDF1}.Release|Any CPU.Build.0 = Release|Any CPU
		{DDA110A0-1BCF-45AD-AA2B-D0E0B4E3471D}.Debug|Any CPU.ActiveCfg = Debug|Any CPU
		{DDA110A0-1BCF-45AD-AA2B-D0E0B4E3471D}.Debug|Any CPU.Build.0 = Debug|Any CPU
		{DDA110A0-1BCF-45AD-AA2B-D0E0B4E3471D}.Release|Any CPU.ActiveCfg = Release|Any CPU
		{DDA110A0-1BCF-45AD-AA2B-D0E0B4E3471D}.Release|Any CPU.Build.0 = Release|Any CPU
		{98250750-B623-4AF8-AC76-EB5DB972F51E}.Debug|Any CPU.ActiveCfg = Debug|Any CPU
		{98250750-B623-4AF8-AC76-EB5DB972F51E}.Debug|Any CPU.Build.0 = Debug|Any CPU
		{98250750-B623-4AF8-AC76-EB5DB972F51E}.Release|Any CPU.ActiveCfg = Release|Any CPU
		{98250750-B623-4AF8-AC76-EB5DB972F51E}.Release|Any CPU.Build.0 = Release|Any CPU
		{2701EDAE-A9BC-4192-BE81-E8FE7D7A6A8D}.Debug|Any CPU.ActiveCfg = Debug|Any CPU
		{2701EDAE-A9BC-4192-BE81-E8FE7D7A6A8D}.Debug|Any CPU.Build.0 = Debug|Any CPU
		{2701EDAE-A9BC-4192-BE81-E8FE7D7A6A8D}.Release|Any CPU.ActiveCfg = Release|Any CPU
		{2701EDAE-A9BC-4192-BE81-E8FE7D7A6A8D}.Release|Any CPU.Build.0 = Release|Any CPU
		{7261E8EC-A929-465D-BBB1-BFCFC3E2403A}.Debug|Any CPU.ActiveCfg = Debug|Any CPU
		{7261E8EC-A929-465D-BBB1-BFCFC3E2403A}.Debug|Any CPU.Build.0 = Debug|Any CPU
		{7261E8EC-A929-465D-BBB1-BFCFC3E2403A}.Release|Any CPU.ActiveCfg = Release|Any CPU
		{7261E8EC-A929-465D-BBB1-BFCFC3E2403A}.Release|Any CPU.Build.0 = Release|Any CPU
		{96FC4D0E-BACC-48B2-9248-69CDA595CF3B}.Debug|Any CPU.ActiveCfg = Debug|Any CPU
		{96FC4D0E-BACC-48B2-9248-69CDA595CF3B}.Debug|Any CPU.Build.0 = Debug|Any CPU
		{96FC4D0E-BACC-48B2-9248-69CDA595CF3B}.Release|Any CPU.ActiveCfg = Release|Any CPU
		{96FC4D0E-BACC-48B2-9248-69CDA595CF3B}.Release|Any CPU.Build.0 = Release|Any CPU
		{8C485ED9-3F11-42D4-93AD-5A204DE6B43F}.Debug|Any CPU.ActiveCfg = Debug|Any CPU
		{8C485ED9-3F11-42D4-93AD-5A204DE6B43F}.Debug|Any CPU.Build.0 = Debug|Any CPU
		{8C485ED9-3F11-42D4-93AD-5A204DE6B43F}.Release|Any CPU.ActiveCfg = Release|Any CPU
		{8C485ED9-3F11-42D4-93AD-5A204DE6B43F}.Release|Any CPU.Build.0 = Release|Any CPU
		{D31411EE-AC39-41BD-BC46-80DD2F05123B}.Debug|Any CPU.ActiveCfg = Debug|Any CPU
		{D31411EE-AC39-41BD-BC46-80DD2F05123B}.Debug|Any CPU.Build.0 = Debug|Any CPU
		{D31411EE-AC39-41BD-BC46-80DD2F05123B}.Release|Any CPU.ActiveCfg = Release|Any CPU
		{D31411EE-AC39-41BD-BC46-80DD2F05123B}.Release|Any CPU.Build.0 = Release|Any CPU
		{2F5AEA04-6DA8-4F2B-BD7F-C8F4FB809CF6}.Debug|Any CPU.ActiveCfg = Debug|Any CPU
		{2F5AEA04-6DA8-4F2B-BD7F-C8F4FB809CF6}.Debug|Any CPU.Build.0 = Debug|Any CPU
		{2F5AEA04-6DA8-4F2B-BD7F-C8F4FB809CF6}.Release|Any CPU.ActiveCfg = Release|Any CPU
		{2F5AEA04-6DA8-4F2B-BD7F-C8F4FB809CF6}.Release|Any CPU.Build.0 = Release|Any CPU
	EndGlobalSection
EndGlobal
