
Microsoft Visual Studio Solution File, Format Version 12.00
# Visual Studio Version 17
VisualStudioVersion = 17.8.34330.188
MinimumVisualStudioVersion = 10.0.40219.1
Project("{9A19103F-16F7-4668-BE54-9A1E7A4F7556}") = "day06", "day06.csproj", "{BDBE94A3-D4BB-41B6-90B5-906FE1A2E6E4}"
EndProject
Global
	GlobalSection(SolutionConfigurationPlatforms) = preSolution
		Debug|Any CPU = Debug|Any CPU
		Release|Any CPU = Release|Any CPU
	EndGlobalSection
	GlobalSection(ProjectConfigurationPlatforms) = postSolution
		{BDBE94A3-D4BB-41B6-90B5-906FE1A2E6E4}.Debug|Any CPU.ActiveCfg = Debug|Any CPU
		{BDBE94A3-D4BB-41B6-90B5-906FE1A2E6E4}.Debug|Any CPU.Build.0 = Debug|Any CPU
		{BDBE94A3-D4BB-41B6-90B5-906FE1A2E6E4}.Release|Any CPU.ActiveCfg = Release|Any CPU
		{BDBE94A3-D4BB-41B6-90B5-906FE1A2E6E4}.Release|Any CPU.Build.0 = Release|Any CPU
	EndGlobalSection
	GlobalSection(SolutionProperties) = preSolution
		HideSolutionNode = FALSE
	EndGlobalSection
	GlobalSection(ExtensibilityGlobals) = postSolution
		SolutionGuid = {F5CFFD53-9390-4A24-91E6-2D3E8BF3EDFA}
	EndGlobalSection
EndGlobal
