
Microsoft Visual Studio Solution File, Format Version 12.00
Project("{FAE04EC0-301F-11D3-BF4B-00C04F79EFBC}") = "Day01", "Day01\Day01.csproj", "{EF34B478-959C-426C-B8FA-9C086BE5F41B}"
EndProject
Project("{FAE04EC0-301F-11D3-BF4B-00C04F79EFBC}") = "Tests", "Tests\Tests.csproj", "{0E57C060-9E21-4A43-AA1A-2325DB4CD113}"
EndProject
Project("{FAE04EC0-301F-11D3-BF4B-00C04F79EFBC}") = "Day02", "Day02\Day02.csproj", "{5D810A5F-B64F-4F14-AFEE-6E955E1B9D51}"
EndProject
Project("{FAE04EC0-301F-11D3-BF4B-00C04F79EFBC}") = "Day03", "Day03\Day03.csproj", "{71BA1572-CC3E-4A5C-974B-65D5143C3B28}"
EndProject
Project("{FAE04EC0-301F-11D3-BF4B-00C04F79EFBC}") = "Day04", "Day04\Day04.csproj", "{BEC7D37A-ADED-4F2A-9D07-EE2534206D98}"
EndProject
Project("{FAE04EC0-301F-11D3-BF4B-00C04F79EFBC}") = "Day05", "Day05\Day05.csproj", "{8E613C26-7296-4925-BF5E-AB94623E39D0}"
EndProject
Global
	GlobalSection(SolutionConfigurationPlatforms) = preSolution
		Debug|Any CPU = Debug|Any CPU
		Release|Any CPU = Release|Any CPU
	EndGlobalSection
	GlobalSection(ProjectConfigurationPlatforms) = postSolution
		{EF34B478-959C-426C-B8FA-9C086BE5F41B}.Debug|Any CPU.ActiveCfg = Debug|Any CPU
		{EF34B478-959C-426C-B8FA-9C086BE5F41B}.Debug|Any CPU.Build.0 = Debug|Any CPU
		{EF34B478-959C-426C-B8FA-9C086BE5F41B}.Release|Any CPU.ActiveCfg = Release|Any CPU
		{EF34B478-959C-426C-B8FA-9C086BE5F41B}.Release|Any CPU.Build.0 = Release|Any CPU
		{0E57C060-9E21-4A43-AA1A-2325DB4CD113}.Debug|Any CPU.ActiveCfg = Debug|Any CPU
		{0E57C060-9E21-4A43-AA1A-2325DB4CD113}.Debug|Any CPU.Build.0 = Debug|Any CPU
		{0E57C060-9E21-4A43-AA1A-2325DB4CD113}.Release|Any CPU.ActiveCfg = Release|Any CPU
		{0E57C060-9E21-4A43-AA1A-2325DB4CD113}.Release|Any CPU.Build.0 = Release|Any CPU
		{5D810A5F-B64F-4F14-AFEE-6E955E1B9D51}.Debug|Any CPU.ActiveCfg = Debug|Any CPU
		{5D810A5F-B64F-4F14-AFEE-6E955E1B9D51}.Debug|Any CPU.Build.0 = Debug|Any CPU
		{5D810A5F-B64F-4F14-AFEE-6E955E1B9D51}.Release|Any CPU.ActiveCfg = Release|Any CPU
		{5D810A5F-B64F-4F14-AFEE-6E955E1B9D51}.Release|Any CPU.Build.0 = Release|Any CPU
		{71BA1572-CC3E-4A5C-974B-65D5143C3B28}.Debug|Any CPU.ActiveCfg = Debug|Any CPU
		{71BA1572-CC3E-4A5C-974B-65D5143C3B28}.Debug|Any CPU.Build.0 = Debug|Any CPU
		{71BA1572-CC3E-4A5C-974B-65D5143C3B28}.Release|Any CPU.ActiveCfg = Release|Any CPU
		{71BA1572-CC3E-4A5C-974B-65D5143C3B28}.Release|Any CPU.Build.0 = Release|Any CPU
		{BEC7D37A-ADED-4F2A-9D07-EE2534206D98}.Debug|Any CPU.ActiveCfg = Debug|Any CPU
		{BEC7D37A-ADED-4F2A-9D07-EE2534206D98}.Debug|Any CPU.Build.0 = Debug|Any CPU
		{BEC7D37A-ADED-4F2A-9D07-EE2534206D98}.Release|Any CPU.ActiveCfg = Release|Any CPU
		{BEC7D37A-ADED-4F2A-9D07-EE2534206D98}.Release|Any CPU.Build.0 = Release|Any CPU
		{8E613C26-7296-4925-BF5E-AB94623E39D0}.Debug|Any CPU.ActiveCfg = Debug|Any CPU
		{8E613C26-7296-4925-BF5E-AB94623E39D0}.Debug|Any CPU.Build.0 = Debug|Any CPU
		{8E613C26-7296-4925-BF5E-AB94623E39D0}.Release|Any CPU.ActiveCfg = Release|Any CPU
		{8E613C26-7296-4925-BF5E-AB94623E39D0}.Release|Any CPU.Build.0 = Release|Any CPU
	EndGlobalSection
EndGlobal
