
Microsoft Visual Studio Solution File, Format Version 12.00
# Visual Studio Version 17
VisualStudioVersion = 17.4.33122.133
MinimumVisualStudioVersion = 10.0.40319.1
Project("{FAE04EC0-301F-11D3-BF4B-00C04F79EFBC}") = "Day04", "Day04.csproj", "{374B80E8-DEB1-437A-9264-3C7F5D0A50A2}"
EndProject
Global
	GlobalSection(SolutionConfigurationPlatforms) = preSolution
		Debug|Any CPU = Debug|Any CPU
		Release|Any CPU = Release|Any CPU
	EndGlobalSection
	GlobalSection(ProjectConfigurationPlatforms) = postSolution
		{374B80E8-DEB1-437A-9264-3C7F5D0A50A2}.Debug|Any CPU.ActiveCfg = Debug|Any CPU
		{374B80E8-DEB1-437A-9264-3C7F5D0A50A2}.Debug|Any CPU.Build.0 = Debug|Any CPU
		{374B80E8-DEB1-437A-9264-3C7F5D0A50A2}.Release|Any CPU.ActiveCfg = Release|Any CPU
		{374B80E8-DEB1-437A-9264-3C7F5D0A50A2}.Release|Any CPU.Build.0 = Release|Any CPU
	EndGlobalSection
	GlobalSection(SolutionProperties) = preSolution
		HideSolutionNode = FALSE
	EndGlobalSection
	GlobalSection(ExtensibilityGlobals) = postSolution
		SolutionGuid = {8CE09FEC-F309-463D-8505-97136F4C79CF}
	EndGlobalSection
EndGlobal
