
Microsoft Visual Studio Solution File, Format Version 12.00
Project("{FAE04EC0-301F-11D3-BF4B-00C04F79EFBC}") = "Day02", "Day02\Day02.csproj", "{86C2C427-0743-47EB-9968-AC7FA1DF332D}"
EndProject
Project("{FAE04EC0-301F-11D3-BF4B-00C04F79EFBC}") = "Tests", "Tests\Tests.csproj", "{263DBC3E-DB07-4AAB-B305-E6D741CA92EA}"
EndProject
Project("{FAE04EC0-301F-11D3-BF4B-00C04F79EFBC}") = "Day09", "Day09\Day09.csproj", "{F5804B87-2E89-49CF-9474-F966C3871DC0}"
EndProject
Global
	GlobalSection(SolutionConfigurationPlatforms) = preSolution
		Debug|Any CPU = Debug|Any CPU
		Release|Any CPU = Release|Any CPU
	EndGlobalSection
	GlobalSection(ProjectConfigurationPlatforms) = postSolution
		{86C2C427-0743-47EB-9968-AC7FA1DF332D}.Debug|Any CPU.ActiveCfg = Debug|Any CPU
		{86C2C427-0743-47EB-9968-AC7FA1DF332D}.Debug|Any CPU.Build.0 = Debug|Any CPU
		{86C2C427-0743-47EB-9968-AC7FA1DF332D}.Release|Any CPU.ActiveCfg = Release|Any CPU
		{86C2C427-0743-47EB-9968-AC7FA1DF332D}.Release|Any CPU.Build.0 = Release|Any CPU
		{263DBC3E-DB07-4AAB-B305-E6D741CA92EA}.Debug|Any CPU.ActiveCfg = Debug|Any CPU
		{263DBC3E-DB07-4AAB-B305-E6D741CA92EA}.Debug|Any CPU.Build.0 = Debug|Any CPU
		{263DBC3E-DB07-4AAB-B305-E6D741CA92EA}.Release|Any CPU.ActiveCfg = Release|Any CPU
		{263DBC3E-DB07-4AAB-B305-E6D741CA92EA}.Release|Any CPU.Build.0 = Release|Any CPU
		{F5804B87-2E89-49CF-9474-F966C3871DC0}.Debug|Any CPU.ActiveCfg = Debug|Any CPU
		{F5804B87-2E89-49CF-9474-F966C3871DC0}.Debug|Any CPU.Build.0 = Debug|Any CPU
		{F5804B87-2E89-49CF-9474-F966C3871DC0}.Release|Any CPU.ActiveCfg = Release|Any CPU
		{F5804B87-2E89-49CF-9474-F966C3871DC0}.Release|Any CPU.Build.0 = Release|Any CPU
	EndGlobalSection
EndGlobal
